
Microsoft Visual Studio Solution File, Format Version 12.00
# Visual Studio Version 16
VisualStudioVersion = 16.0.32106.194
MinimumVisualStudioVersion = 10.0.40219.1
Project("{FAE04EC0-301F-11D3-BF4B-00C04F79EFBC}") = "Задание_1", "Задание_1\Задание_1.csproj", "{9BF89C7D-8089-47BB-83C1-64FE2A9C844A}"
EndProject
Global
	GlobalSection(SolutionConfigurationPlatforms) = preSolution
		Debug|Any CPU = Debug|Any CPU
		Release|Any CPU = Release|Any CPU
	EndGlobalSection
	GlobalSection(ProjectConfigurationPlatforms) = postSolution
		{9BF89C7D-8089-47BB-83C1-64FE2A9C844A}.Debug|Any CPU.ActiveCfg = Debug|Any CPU
		{9BF89C7D-8089-47BB-83C1-64FE2A9C844A}.Debug|Any CPU.Build.0 = Debug|Any CPU
		{9BF89C7D-8089-47BB-83C1-64FE2A9C844A}.Release|Any CPU.ActiveCfg = Release|Any CPU
		{9BF89C7D-8089-47BB-83C1-64FE2A9C844A}.Release|Any CPU.Build.0 = Release|Any CPU
	EndGlobalSection
	GlobalSection(SolutionProperties) = preSolution
		HideSolutionNode = FALSE
	EndGlobalSection
	GlobalSection(ExtensibilityGlobals) = postSolution
		SolutionGuid = {A3F94850-26B2-4212-9FF2-0348AAC01157}
	EndGlobalSection
EndGlobal
