
Microsoft Visual Studio Solution File, Format Version 12.00
# Visual Studio Version 16
VisualStudioVersion = 16.0.32106.194
MinimumVisualStudioVersion = 10.0.40219.1
Project("{FAE04EC0-301F-11D3-BF4B-00C04F79EFBC}") = "Задание_3", "Задание_3\Задание_3.csproj", "{1AC63FFA-9A1D-4984-A3E9-96A1EA753C00}"
EndProject
Global
	GlobalSection(SolutionConfigurationPlatforms) = preSolution
		Debug|Any CPU = Debug|Any CPU
		Release|Any CPU = Release|Any CPU
	EndGlobalSection
	GlobalSection(ProjectConfigurationPlatforms) = postSolution
		{1AC63FFA-9A1D-4984-A3E9-96A1EA753C00}.Debug|Any CPU.ActiveCfg = Debug|Any CPU
		{1AC63FFA-9A1D-4984-A3E9-96A1EA753C00}.Debug|Any CPU.Build.0 = Debug|Any CPU
		{1AC63FFA-9A1D-4984-A3E9-96A1EA753C00}.Release|Any CPU.ActiveCfg = Release|Any CPU
		{1AC63FFA-9A1D-4984-A3E9-96A1EA753C00}.Release|Any CPU.Build.0 = Release|Any CPU
	EndGlobalSection
	GlobalSection(SolutionProperties) = preSolution
		HideSolutionNode = FALSE
	EndGlobalSection
	GlobalSection(ExtensibilityGlobals) = postSolution
		SolutionGuid = {CD826195-DC34-4660-98D0-E3BE751A3D74}
	EndGlobalSection
EndGlobal
