
Microsoft Visual Studio Solution File, Format Version 12.00
# Visual Studio Version 16
VisualStudioVersion = 16.0.32106.194
MinimumVisualStudioVersion = 10.0.40219.1
Project("{FAE04EC0-301F-11D3-BF4B-00C04F79EFBC}") = "Задание_4", "Задание_4\Задание_4.csproj", "{4C5519A7-F7AA-463E-AD4C-C6A61D6D39A5}"
EndProject
Global
	GlobalSection(SolutionConfigurationPlatforms) = preSolution
		Debug|Any CPU = Debug|Any CPU
		Release|Any CPU = Release|Any CPU
	EndGlobalSection
	GlobalSection(ProjectConfigurationPlatforms) = postSolution
		{4C5519A7-F7AA-463E-AD4C-C6A61D6D39A5}.Debug|Any CPU.ActiveCfg = Debug|Any CPU
		{4C5519A7-F7AA-463E-AD4C-C6A61D6D39A5}.Debug|Any CPU.Build.0 = Debug|Any CPU
		{4C5519A7-F7AA-463E-AD4C-C6A61D6D39A5}.Release|Any CPU.ActiveCfg = Release|Any CPU
		{4C5519A7-F7AA-463E-AD4C-C6A61D6D39A5}.Release|Any CPU.Build.0 = Release|Any CPU
	EndGlobalSection
	GlobalSection(SolutionProperties) = preSolution
		HideSolutionNode = FALSE
	EndGlobalSection
	GlobalSection(ExtensibilityGlobals) = postSolution
		SolutionGuid = {A5257096-5004-4C4F-93BB-504ABF0C484D}
	EndGlobalSection
EndGlobal
